
Microsoft Visual Studio Solution File, Format Version 12.00
# Visual Studio Version 17
VisualStudioVersion = 17.4.33122.133
MinimumVisualStudioVersion = 10.0.40219.1
Project("{9A19103F-16F7-4668-BE54-9A1E7A4F7556}") = "TestAPI", "TestAPI\TestAPI.csproj", "{FF43D6C9-071C-467B-9E6D-B121E5DEC646}"
EndProject
Project("{9A19103F-16F7-4668-BE54-9A1E7A4F7556}") = "TestAPI.Core", "TestAPI.Service\TestAPI.Core.csproj", "{76292D38-DB6A-446B-A8A4-917FB3B4B84E}"
EndProject
Global
	GlobalSection(SolutionConfigurationPlatforms) = preSolution
		Debug|Any CPU = Debug|Any CPU
		Release|Any CPU = Release|Any CPU
	EndGlobalSection
	GlobalSection(ProjectConfigurationPlatforms) = postSolution
		{FF43D6C9-071C-467B-9E6D-B121E5DEC646}.Debug|Any CPU.ActiveCfg = Debug|Any CPU
		{FF43D6C9-071C-467B-9E6D-B121E5DEC646}.Debug|Any CPU.Build.0 = Debug|Any CPU
		{FF43D6C9-071C-467B-9E6D-B121E5DEC646}.Release|Any CPU.ActiveCfg = Release|Any CPU
		{FF43D6C9-071C-467B-9E6D-B121E5DEC646}.Release|Any CPU.Build.0 = Release|Any CPU
		{76292D38-DB6A-446B-A8A4-917FB3B4B84E}.Debug|Any CPU.ActiveCfg = Debug|Any CPU
		{76292D38-DB6A-446B-A8A4-917FB3B4B84E}.Debug|Any CPU.Build.0 = Debug|Any CPU
		{76292D38-DB6A-446B-A8A4-917FB3B4B84E}.Release|Any CPU.ActiveCfg = Release|Any CPU
		{76292D38-DB6A-446B-A8A4-917FB3B4B84E}.Release|Any CPU.Build.0 = Release|Any CPU
	EndGlobalSection
	GlobalSection(SolutionProperties) = preSolution
		HideSolutionNode = FALSE
	EndGlobalSection
	GlobalSection(ExtensibilityGlobals) = postSolution
		SolutionGuid = {A9D9E5BA-07D9-427E-939E-EB208528BCF6}
	EndGlobalSection
EndGlobal
